
Microsoft Visual Studio Solution File, Format Version 12.00
# Visual Studio Version 17
VisualStudioVersion = 17.0.32126.317
MinimumVisualStudioVersion = 10.0.40219.1
Project("{FAE04EC0-301F-11D3-BF4B-00C04F79EFBC}") = "HelloWorld-01", "HelloWorld-01\HelloWorld-01.csproj", "{3C8F3C33-E7D4-4BD8-8631-BC6BC5B7BA96}"
EndProject
Project("{9A19103F-16F7-4668-BE54-9A1E7A4F7556}") = "HelloSourceGenerator", "HelloSourceGenerator\HelloSourceGenerator.csproj", "{090DDE92-98E0-462A-A0F2-1598037B26EF}"
EndProject
Global
	GlobalSection(SolutionConfigurationPlatforms) = preSolution
		Debug|Any CPU = Debug|Any CPU
		Release|Any CPU = Release|Any CPU
	EndGlobalSection
	GlobalSection(ProjectConfigurationPlatforms) = postSolution
		{3C8F3C33-E7D4-4BD8-8631-BC6BC5B7BA96}.Debug|Any CPU.ActiveCfg = Debug|Any CPU
		{3C8F3C33-E7D4-4BD8-8631-BC6BC5B7BA96}.Debug|Any CPU.Build.0 = Debug|Any CPU
		{3C8F3C33-E7D4-4BD8-8631-BC6BC5B7BA96}.Release|Any CPU.ActiveCfg = Release|Any CPU
		{3C8F3C33-E7D4-4BD8-8631-BC6BC5B7BA96}.Release|Any CPU.Build.0 = Release|Any CPU
		{090DDE92-98E0-462A-A0F2-1598037B26EF}.Debug|Any CPU.ActiveCfg = Debug|Any CPU
		{090DDE92-98E0-462A-A0F2-1598037B26EF}.Debug|Any CPU.Build.0 = Debug|Any CPU
		{090DDE92-98E0-462A-A0F2-1598037B26EF}.Release|Any CPU.ActiveCfg = Release|Any CPU
		{090DDE92-98E0-462A-A0F2-1598037B26EF}.Release|Any CPU.Build.0 = Release|Any CPU
	EndGlobalSection
	GlobalSection(SolutionProperties) = preSolution
		HideSolutionNode = FALSE
	EndGlobalSection
	GlobalSection(ExtensibilityGlobals) = postSolution
		SolutionGuid = {E49ABC58-FF1A-4819-83C8-4C606AE8A3DA}
	EndGlobalSection
EndGlobal
